
Microsoft Visual Studio Solution File, Format Version 12.00
# Visual Studio 15
VisualStudioVersion = 15.0.27428.2037
MinimumVisualStudioVersion = 10.0.40219.1
Project("{9A19103F-16F7-4668-BE54-9A1E7A4F7556}") = "BlueCats.Loop.Api.Client.netstandard20", "netstandard20\BlueCats.Loop.Api.Client.netstandard20.csproj", "{0AEA7542-BA77-446C-9DC2-9AEFF5E03FA0}"
EndProject
Project("{FAE04EC0-301F-11D3-BF4B-00C04F79EFBC}") = "BlueCats.Loop.Api.Client.net46", "net46\BlueCats.Loop.Api.Client.net46.csproj", "{A4FF466C-8C12-4805-9C6F-AB15A7E54A7B}"
EndProject
Project("{9A19103F-16F7-4668-BE54-9A1E7A4F7556}") = "BlueCats.Loop.Api.Client.netcore20", "netcore20\BlueCats.Loop.Api.Client.netcore20.csproj", "{8845E30E-5CB4-4CCC-9BE9-52CED3102645}"
EndProject
Global
	GlobalSection(SolutionConfigurationPlatforms) = preSolution
		Debug|Any CPU = Debug|Any CPU
		Release|Any CPU = Release|Any CPU
	EndGlobalSection
	GlobalSection(ProjectConfigurationPlatforms) = postSolution
		{0AEA7542-BA77-446C-9DC2-9AEFF5E03FA0}.Debug|Any CPU.ActiveCfg = Debug|Any CPU
		{0AEA7542-BA77-446C-9DC2-9AEFF5E03FA0}.Debug|Any CPU.Build.0 = Debug|Any CPU
		{0AEA7542-BA77-446C-9DC2-9AEFF5E03FA0}.Release|Any CPU.ActiveCfg = Release|Any CPU
		{0AEA7542-BA77-446C-9DC2-9AEFF5E03FA0}.Release|Any CPU.Build.0 = Release|Any CPU
		{A4FF466C-8C12-4805-9C6F-AB15A7E54A7B}.Debug|Any CPU.ActiveCfg = Debug|Any CPU
		{A4FF466C-8C12-4805-9C6F-AB15A7E54A7B}.Debug|Any CPU.Build.0 = Debug|Any CPU
		{A4FF466C-8C12-4805-9C6F-AB15A7E54A7B}.Release|Any CPU.ActiveCfg = Release|Any CPU
		{A4FF466C-8C12-4805-9C6F-AB15A7E54A7B}.Release|Any CPU.Build.0 = Release|Any CPU
		{8845E30E-5CB4-4CCC-9BE9-52CED3102645}.Debug|Any CPU.ActiveCfg = Debug|Any CPU
		{8845E30E-5CB4-4CCC-9BE9-52CED3102645}.Debug|Any CPU.Build.0 = Debug|Any CPU
		{8845E30E-5CB4-4CCC-9BE9-52CED3102645}.Release|Any CPU.ActiveCfg = Release|Any CPU
		{8845E30E-5CB4-4CCC-9BE9-52CED3102645}.Release|Any CPU.Build.0 = Release|Any CPU
	EndGlobalSection
	GlobalSection(SolutionProperties) = preSolution
		HideSolutionNode = FALSE
	EndGlobalSection
	GlobalSection(ExtensibilityGlobals) = postSolution
		SolutionGuid = {28689A0E-3AC4-4FC2-9001-D42630F3A949}
	EndGlobalSection
EndGlobal
