
Microsoft Visual Studio Solution File, Format Version 12.00
# Visual Studio 15
VisualStudioVersion = 15.0.27428.2037
MinimumVisualStudioVersion = 10.0.40219.1
Project("{9A19103F-16F7-4668-BE54-9A1E7A4F7556}") = "BlueCats.Loop.Api.Client", "src\BlueCats.Loop.Api.Client.csproj", "{90266D3A-405D-4D58-B354-3A4D2BE02013}"
EndProject
Global
	GlobalSection(SolutionConfigurationPlatforms) = preSolution
		Debug|Any CPU = Debug|Any CPU
		Release|Any CPU = Release|Any CPU
	EndGlobalSection
	GlobalSection(ProjectConfigurationPlatforms) = postSolution
		{90266D3A-405D-4D58-B354-3A4D2BE02013}.Debug|Any CPU.ActiveCfg = Debug|Any CPU
		{90266D3A-405D-4D58-B354-3A4D2BE02013}.Debug|Any CPU.Build.0 = Debug|Any CPU
		{90266D3A-405D-4D58-B354-3A4D2BE02013}.Release|Any CPU.ActiveCfg = Release|Any CPU
		{90266D3A-405D-4D58-B354-3A4D2BE02013}.Release|Any CPU.Build.0 = Release|Any CPU
	EndGlobalSection
	GlobalSection(SolutionProperties) = preSolution
		HideSolutionNode = FALSE
	EndGlobalSection
	GlobalSection(ExtensibilityGlobals) = postSolution
		SolutionGuid = {28689A0E-3AC4-4FC2-9001-D42630F3A949}
	EndGlobalSection
EndGlobal
