
Microsoft Visual Studio Solution File, Format Version 12.00
# Visual Studio 15
VisualStudioVersion = 15.0.27428.2037
MinimumVisualStudioVersion = 10.0.40219.1
Project("{FAE04EC0-301F-11D3-BF4B-00C04F79EFBC}") = "BlueCats.Loop.Api.Client.net46", "BlueCats.Loop.Api.Client.net46\BlueCats.Loop.Api.Client.net46.csproj", "{278C3035-F2C7-4E98-A866-7989E4F3BF9F}"
EndProject
Project("{9A19103F-16F7-4668-BE54-9A1E7A4F7556}") = "BlueCats.Loop.Api.Client.netstandard20", "BlueCats.Loop.Api.Client.netstandard20\BlueCats.Loop.Api.Client.netstandard20.csproj", "{F35FAE73-E98E-4DFA-9595-2821A990D382}"
EndProject
Project("{9A19103F-16F7-4668-BE54-9A1E7A4F7556}") = "BlueCats.Loop.Api.Client.nercore20", "BlueCats.Loop.Api.Client.nercore20\BlueCats.Loop.Api.Client.nercore20.csproj", "{BC937FBE-3449-4824-99A8-BEFB5267C84D}"
EndProject
Global
	GlobalSection(SolutionConfigurationPlatforms) = preSolution
		Debug|Any CPU = Debug|Any CPU
		Release|Any CPU = Release|Any CPU
	EndGlobalSection
	GlobalSection(ProjectConfigurationPlatforms) = postSolution
		{278C3035-F2C7-4E98-A866-7989E4F3BF9F}.Debug|Any CPU.ActiveCfg = Debug|Any CPU
		{278C3035-F2C7-4E98-A866-7989E4F3BF9F}.Debug|Any CPU.Build.0 = Debug|Any CPU
		{278C3035-F2C7-4E98-A866-7989E4F3BF9F}.Release|Any CPU.ActiveCfg = Release|Any CPU
		{278C3035-F2C7-4E98-A866-7989E4F3BF9F}.Release|Any CPU.Build.0 = Release|Any CPU
		{F35FAE73-E98E-4DFA-9595-2821A990D382}.Debug|Any CPU.ActiveCfg = Debug|Any CPU
		{F35FAE73-E98E-4DFA-9595-2821A990D382}.Debug|Any CPU.Build.0 = Debug|Any CPU
		{F35FAE73-E98E-4DFA-9595-2821A990D382}.Release|Any CPU.ActiveCfg = Release|Any CPU
		{F35FAE73-E98E-4DFA-9595-2821A990D382}.Release|Any CPU.Build.0 = Release|Any CPU
		{BC937FBE-3449-4824-99A8-BEFB5267C84D}.Debug|Any CPU.ActiveCfg = Debug|Any CPU
		{BC937FBE-3449-4824-99A8-BEFB5267C84D}.Debug|Any CPU.Build.0 = Debug|Any CPU
		{BC937FBE-3449-4824-99A8-BEFB5267C84D}.Release|Any CPU.ActiveCfg = Release|Any CPU
		{BC937FBE-3449-4824-99A8-BEFB5267C84D}.Release|Any CPU.Build.0 = Release|Any CPU
	EndGlobalSection
	GlobalSection(SolutionProperties) = preSolution
		HideSolutionNode = FALSE
	EndGlobalSection
	GlobalSection(ExtensibilityGlobals) = postSolution
		SolutionGuid = {28689A0E-3AC4-4FC2-9001-D42630F3A949}
	EndGlobalSection
EndGlobal
